
Microsoft Visual Studio Solution File, Format Version 12.00
# Visual Studio Version 17
VisualStudioVersion = 17.12.35527.113
MinimumVisualStudioVersion = 10.0.40219.1
Project("{FAE04EC0-301F-11D3-BF4B-00C04F79EFBC}") = "Zadanie 1", "Zadanie 1\Zadanie 1.csproj", "{78C01251-5E94-4B1D-85D2-813BB75062DA}"
EndProject
Project("{FAE04EC0-301F-11D3-BF4B-00C04F79EFBC}") = "Zadanie 2", "Zadanie 2\Zadanie 2.csproj", "{F3622BBD-1C96-4161-BC6D-A91B05A29170}"
EndProject
Project("{FAE04EC0-301F-11D3-BF4B-00C04F79EFBC}") = "Zadanie 3", "Zadanie 3\Zadanie 3.csproj", "{43CF746B-B055-480D-928C-C4D1B5DFBBEA}"
EndProject
Global
	GlobalSection(SolutionConfigurationPlatforms) = preSolution
		Debug|Any CPU = Debug|Any CPU
		Release|Any CPU = Release|Any CPU
	EndGlobalSection
	GlobalSection(ProjectConfigurationPlatforms) = postSolution
		{78C01251-5E94-4B1D-85D2-813BB75062DA}.Debug|Any CPU.ActiveCfg = Debug|Any CPU
		{78C01251-5E94-4B1D-85D2-813BB75062DA}.Debug|Any CPU.Build.0 = Debug|Any CPU
		{78C01251-5E94-4B1D-85D2-813BB75062DA}.Release|Any CPU.ActiveCfg = Release|Any CPU
		{78C01251-5E94-4B1D-85D2-813BB75062DA}.Release|Any CPU.Build.0 = Release|Any CPU
		{F3622BBD-1C96-4161-BC6D-A91B05A29170}.Debug|Any CPU.ActiveCfg = Debug|Any CPU
		{F3622BBD-1C96-4161-BC6D-A91B05A29170}.Debug|Any CPU.Build.0 = Debug|Any CPU
		{F3622BBD-1C96-4161-BC6D-A91B05A29170}.Release|Any CPU.ActiveCfg = Release|Any CPU
		{F3622BBD-1C96-4161-BC6D-A91B05A29170}.Release|Any CPU.Build.0 = Release|Any CPU
		{43CF746B-B055-480D-928C-C4D1B5DFBBEA}.Debug|Any CPU.ActiveCfg = Debug|Any CPU
		{43CF746B-B055-480D-928C-C4D1B5DFBBEA}.Debug|Any CPU.Build.0 = Debug|Any CPU
		{43CF746B-B055-480D-928C-C4D1B5DFBBEA}.Release|Any CPU.ActiveCfg = Release|Any CPU
		{43CF746B-B055-480D-928C-C4D1B5DFBBEA}.Release|Any CPU.Build.0 = Release|Any CPU
	EndGlobalSection
	GlobalSection(SolutionProperties) = preSolution
		HideSolutionNode = FALSE
	EndGlobalSection
	GlobalSection(ExtensibilityGlobals) = postSolution
		SolutionGuid = {B0FAA149-0F0E-46F0-93A5-3484260079BB}
	EndGlobalSection
EndGlobal
