
Microsoft Visual Studio Solution File, Format Version 12.00
# Visual Studio Version 17
VisualStudioVersion = 17.12.35527.113
MinimumVisualStudioVersion = 10.0.40219.1
Project("{FAE04EC0-301F-11D3-BF4B-00C04F79EFBC}") = "Zadanie 1", "Zadanie 1\Zadanie 1.csproj", "{B27F4192-4FB6-4FD4-AB59-3B849E614E9A}"
EndProject
Project("{FAE04EC0-301F-11D3-BF4B-00C04F79EFBC}") = "Zadanie 2", "Zadanie 2\Zadanie 2.csproj", "{F60C2C8A-2166-4D54-A0CB-E3EDD4333570}"
EndProject
Project("{FAE04EC0-301F-11D3-BF4B-00C04F79EFBC}") = "Zadanie 3", "Zadanie 3\Zadanie 3.csproj", "{2649E890-B15E-493B-9B77-2B5E6C92A6A9}"
EndProject
Project("{FAE04EC0-301F-11D3-BF4B-00C04F79EFBC}") = "Zadanie 4", "Zadanie 4\Zadanie 4.csproj", "{6A939A30-8C61-499B-A45C-17DF5AA68137}"
EndProject
Project("{FAE04EC0-301F-11D3-BF4B-00C04F79EFBC}") = "Zadanie 5.1", "Zadanie 5.1\Zadanie 5.1.csproj", "{08411CC6-4377-4674-958D-0F2E0C0EE4B2}"
EndProject
Project("{FAE04EC0-301F-11D3-BF4B-00C04F79EFBC}") = "Zadanie 6.1", "Zadanie 6.1\Zadanie 6.1.csproj", "{452414CB-4FCD-458A-98C4-CF2A5DAA79BE}"
EndProject
Global
	GlobalSection(SolutionConfigurationPlatforms) = preSolution
		Debug|Any CPU = Debug|Any CPU
		Release|Any CPU = Release|Any CPU
	EndGlobalSection
	GlobalSection(ProjectConfigurationPlatforms) = postSolution
		{B27F4192-4FB6-4FD4-AB59-3B849E614E9A}.Debug|Any CPU.ActiveCfg = Debug|Any CPU
		{B27F4192-4FB6-4FD4-AB59-3B849E614E9A}.Debug|Any CPU.Build.0 = Debug|Any CPU
		{B27F4192-4FB6-4FD4-AB59-3B849E614E9A}.Release|Any CPU.ActiveCfg = Release|Any CPU
		{B27F4192-4FB6-4FD4-AB59-3B849E614E9A}.Release|Any CPU.Build.0 = Release|Any CPU
		{F60C2C8A-2166-4D54-A0CB-E3EDD4333570}.Debug|Any CPU.ActiveCfg = Debug|Any CPU
		{F60C2C8A-2166-4D54-A0CB-E3EDD4333570}.Debug|Any CPU.Build.0 = Debug|Any CPU
		{F60C2C8A-2166-4D54-A0CB-E3EDD4333570}.Release|Any CPU.ActiveCfg = Release|Any CPU
		{F60C2C8A-2166-4D54-A0CB-E3EDD4333570}.Release|Any CPU.Build.0 = Release|Any CPU
		{2649E890-B15E-493B-9B77-2B5E6C92A6A9}.Debug|Any CPU.ActiveCfg = Debug|Any CPU
		{2649E890-B15E-493B-9B77-2B5E6C92A6A9}.Debug|Any CPU.Build.0 = Debug|Any CPU
		{2649E890-B15E-493B-9B77-2B5E6C92A6A9}.Release|Any CPU.ActiveCfg = Release|Any CPU
		{2649E890-B15E-493B-9B77-2B5E6C92A6A9}.Release|Any CPU.Build.0 = Release|Any CPU
		{6A939A30-8C61-499B-A45C-17DF5AA68137}.Debug|Any CPU.ActiveCfg = Debug|Any CPU
		{6A939A30-8C61-499B-A45C-17DF5AA68137}.Debug|Any CPU.Build.0 = Debug|Any CPU
		{6A939A30-8C61-499B-A45C-17DF5AA68137}.Release|Any CPU.ActiveCfg = Release|Any CPU
		{6A939A30-8C61-499B-A45C-17DF5AA68137}.Release|Any CPU.Build.0 = Release|Any CPU
		{08411CC6-4377-4674-958D-0F2E0C0EE4B2}.Debug|Any CPU.ActiveCfg = Debug|Any CPU
		{08411CC6-4377-4674-958D-0F2E0C0EE4B2}.Debug|Any CPU.Build.0 = Debug|Any CPU
		{08411CC6-4377-4674-958D-0F2E0C0EE4B2}.Release|Any CPU.ActiveCfg = Release|Any CPU
		{08411CC6-4377-4674-958D-0F2E0C0EE4B2}.Release|Any CPU.Build.0 = Release|Any CPU
		{452414CB-4FCD-458A-98C4-CF2A5DAA79BE}.Debug|Any CPU.ActiveCfg = Debug|Any CPU
		{452414CB-4FCD-458A-98C4-CF2A5DAA79BE}.Debug|Any CPU.Build.0 = Debug|Any CPU
		{452414CB-4FCD-458A-98C4-CF2A5DAA79BE}.Release|Any CPU.ActiveCfg = Release|Any CPU
		{452414CB-4FCD-458A-98C4-CF2A5DAA79BE}.Release|Any CPU.Build.0 = Release|Any CPU
	EndGlobalSection
	GlobalSection(SolutionProperties) = preSolution
		HideSolutionNode = FALSE
	EndGlobalSection
	GlobalSection(ExtensibilityGlobals) = postSolution
		SolutionGuid = {73B5DC43-9FBA-4FB9-A65F-9024A02B854B}
	EndGlobalSection
EndGlobal
